
Microsoft Visual Studio Solution File, Format Version 12.00
# Visual Studio Version 17
VisualStudioVersion = 17.3.32804.467
MinimumVisualStudioVersion = 10.0.40219.1
Project("{9A19103F-16F7-4668-BE54-9A1E7A4F7556}") = "eCommerce.Domain", "eCommerce.Domain\eCommerce.Domain.csproj", "{7DA1F04D-CB06-4B7B-BA56-129161DDF85C}"
EndProject
Project("{9A19103F-16F7-4668-BE54-9A1E7A4F7556}") = "eCommerce.Application", "eCommerce.Application\eCommerce.Application.csproj", "{3AD89EB3-829D-4B5B-B7EC-67D69B329A70}"
EndProject
Project("{2150E333-8FDC-42A3-9474-1A3956D46DE8}") = "eCommerce.apis", "eCommerce.apis", "{2BE48E38-C021-4F8B-B3D9-BB938531F71E}"
EndProject
Project("{9A19103F-16F7-4668-BE54-9A1E7A4F7556}") = "eCommerce.Apis.Products", "eCommerce.Apis.Products\eCommerce.Apis.Products.csproj", "{983CBCC1-63E2-4FF1-A2C8-78C99ADEFAB9}"
EndProject
Project("{9A19103F-16F7-4668-BE54-9A1E7A4F7556}") = "eCommerce.Infrastructure", "eCommerce.Infrastructure\eCommerce.Infrastructure.csproj", "{CDEA875F-A3AB-4AF8-A419-ACA2367D7A41}"
EndProject
Project("{9A19103F-16F7-4668-BE54-9A1E7A4F7556}") = "eCommerce.Domain.SharedKernel", "eCommerce.Domain.SharedKernel\eCommerce.Domain.SharedKernel.csproj", "{4E0D6B74-AF41-4198-AA7F-8D5E60FBED0A}"
EndProject
Project("{9A19103F-16F7-4668-BE54-9A1E7A4F7556}") = "ecommerce.Apis.Cart", "ecommerce.Apis.Cart\ecommerce.Apis.Cart.csproj", "{05CFA629-47F2-4F03-8615-1C9CBA2405AB}"
EndProject
Project("{9A19103F-16F7-4668-BE54-9A1E7A4F7556}") = "ecommerce.Apis.Customers", "ecommerce.Apis.Customers\ecommerce.Apis.Customers.csproj", "{F51EF49E-99C4-4AD5-98B0-F97DB4CD22E8}"
EndProject
Global
	GlobalSection(SolutionConfigurationPlatforms) = preSolution
		Debug|Any CPU = Debug|Any CPU
		Release|Any CPU = Release|Any CPU
	EndGlobalSection
	GlobalSection(ProjectConfigurationPlatforms) = postSolution
		{7DA1F04D-CB06-4B7B-BA56-129161DDF85C}.Debug|Any CPU.ActiveCfg = Debug|Any CPU
		{7DA1F04D-CB06-4B7B-BA56-129161DDF85C}.Debug|Any CPU.Build.0 = Debug|Any CPU
		{7DA1F04D-CB06-4B7B-BA56-129161DDF85C}.Release|Any CPU.ActiveCfg = Release|Any CPU
		{7DA1F04D-CB06-4B7B-BA56-129161DDF85C}.Release|Any CPU.Build.0 = Release|Any CPU
		{3AD89EB3-829D-4B5B-B7EC-67D69B329A70}.Debug|Any CPU.ActiveCfg = Debug|Any CPU
		{3AD89EB3-829D-4B5B-B7EC-67D69B329A70}.Debug|Any CPU.Build.0 = Debug|Any CPU
		{3AD89EB3-829D-4B5B-B7EC-67D69B329A70}.Release|Any CPU.ActiveCfg = Release|Any CPU
		{3AD89EB3-829D-4B5B-B7EC-67D69B329A70}.Release|Any CPU.Build.0 = Release|Any CPU
		{983CBCC1-63E2-4FF1-A2C8-78C99ADEFAB9}.Debug|Any CPU.ActiveCfg = Debug|Any CPU
		{983CBCC1-63E2-4FF1-A2C8-78C99ADEFAB9}.Debug|Any CPU.Build.0 = Debug|Any CPU
		{983CBCC1-63E2-4FF1-A2C8-78C99ADEFAB9}.Release|Any CPU.ActiveCfg = Release|Any CPU
		{983CBCC1-63E2-4FF1-A2C8-78C99ADEFAB9}.Release|Any CPU.Build.0 = Release|Any CPU
		{CDEA875F-A3AB-4AF8-A419-ACA2367D7A41}.Debug|Any CPU.ActiveCfg = Debug|Any CPU
		{CDEA875F-A3AB-4AF8-A419-ACA2367D7A41}.Debug|Any CPU.Build.0 = Debug|Any CPU
		{CDEA875F-A3AB-4AF8-A419-ACA2367D7A41}.Release|Any CPU.ActiveCfg = Release|Any CPU
		{CDEA875F-A3AB-4AF8-A419-ACA2367D7A41}.Release|Any CPU.Build.0 = Release|Any CPU
		{4E0D6B74-AF41-4198-AA7F-8D5E60FBED0A}.Debug|Any CPU.ActiveCfg = Debug|Any CPU
		{4E0D6B74-AF41-4198-AA7F-8D5E60FBED0A}.Debug|Any CPU.Build.0 = Debug|Any CPU
		{4E0D6B74-AF41-4198-AA7F-8D5E60FBED0A}.Release|Any CPU.ActiveCfg = Release|Any CPU
		{4E0D6B74-AF41-4198-AA7F-8D5E60FBED0A}.Release|Any CPU.Build.0 = Release|Any CPU
		{05CFA629-47F2-4F03-8615-1C9CBA2405AB}.Debug|Any CPU.ActiveCfg = Debug|Any CPU
		{05CFA629-47F2-4F03-8615-1C9CBA2405AB}.Debug|Any CPU.Build.0 = Debug|Any CPU
		{05CFA629-47F2-4F03-8615-1C9CBA2405AB}.Release|Any CPU.ActiveCfg = Release|Any CPU
		{05CFA629-47F2-4F03-8615-1C9CBA2405AB}.Release|Any CPU.Build.0 = Release|Any CPU
		{F51EF49E-99C4-4AD5-98B0-F97DB4CD22E8}.Debug|Any CPU.ActiveCfg = Debug|Any CPU
		{F51EF49E-99C4-4AD5-98B0-F97DB4CD22E8}.Debug|Any CPU.Build.0 = Debug|Any CPU
		{F51EF49E-99C4-4AD5-98B0-F97DB4CD22E8}.Release|Any CPU.ActiveCfg = Release|Any CPU
		{F51EF49E-99C4-4AD5-98B0-F97DB4CD22E8}.Release|Any CPU.Build.0 = Release|Any CPU
	EndGlobalSection
	GlobalSection(SolutionProperties) = preSolution
		HideSolutionNode = FALSE
	EndGlobalSection
	GlobalSection(NestedProjects) = preSolution
		{983CBCC1-63E2-4FF1-A2C8-78C99ADEFAB9} = {2BE48E38-C021-4F8B-B3D9-BB938531F71E}
		{05CFA629-47F2-4F03-8615-1C9CBA2405AB} = {2BE48E38-C021-4F8B-B3D9-BB938531F71E}
		{F51EF49E-99C4-4AD5-98B0-F97DB4CD22E8} = {2BE48E38-C021-4F8B-B3D9-BB938531F71E}
	EndGlobalSection
	GlobalSection(ExtensibilityGlobals) = postSolution
		SolutionGuid = {B01CCC4A-E78A-456E-9C3D-7BB16420B719}
	EndGlobalSection
EndGlobal
